
Microsoft Visual Studio Solution File, Format Version 11.00
# Visual Studio 2010
Project("{FAE04EC0-301F-11D3-BF4B-00C04F79EFBC}") = "ModernSteward", "ModernSteward\ModernSteward.csproj", "{685B063F-90AF-42FA-B3CE-8351652E6EDD}"
EndProject
Project("{FAE04EC0-301F-11D3-BF4B-00C04F79EFBC}") = "Core", "Core\Core.csproj", "{E465DCA0-BEE6-48E8-A7C1-1DB4DBC5B2D9}"
EndProject
Project("{FAE04EC0-301F-11D3-BF4B-00C04F79EFBC}") = "TestPlugin", "TestPlugin\TestPlugin.csproj", "{CE3E8647-2B8A-44F3-AE27-479233021868}"
EndProject
Project("{FAE04EC0-301F-11D3-BF4B-00C04F79EFBC}") = "Utility", "Utility\Utility.csproj", "{54735883-D676-445E-A3F3-855E04AF4A52}"
EndProject
Project("{FAE04EC0-301F-11D3-BF4B-00C04F79EFBC}") = "PluginWizard", "PluginWizard\PluginWizard.csproj", "{55323C9F-BE91-4DD0-9E4B-4CD9B34BC3D6}"
EndProject
Project("{FAE04EC0-301F-11D3-BF4B-00C04F79EFBC}") = "MasterDictionaryUserControl", "MasterDictionaryUserControl\MasterDictionaryUserControl.csproj", "{B5549520-B124-41C4-9FB0-B2F1D92169B0}"
EndProject
Project("{54435603-DBB4-11D2-8724-00A0C9A8B90C}") = "Setup", "Setup\Setup.vdproj", "{D53A89C3-9BF1-415C-8886-0A54FFE76970}"
EndProject
Global
	GlobalSection(SolutionConfigurationPlatforms) = preSolution
		Debug|Any CPU = Debug|Any CPU
		Debug|Mixed Platforms = Debug|Mixed Platforms
		Debug|x86 = Debug|x86
		Release|Any CPU = Release|Any CPU
		Release|Mixed Platforms = Release|Mixed Platforms
		Release|x86 = Release|x86
	EndGlobalSection
	GlobalSection(ProjectConfigurationPlatforms) = postSolution
		{685B063F-90AF-42FA-B3CE-8351652E6EDD}.Debug|Any CPU.ActiveCfg = Debug|x86
		{685B063F-90AF-42FA-B3CE-8351652E6EDD}.Debug|Mixed Platforms.ActiveCfg = Debug|x86
		{685B063F-90AF-42FA-B3CE-8351652E6EDD}.Debug|Mixed Platforms.Build.0 = Debug|x86
		{685B063F-90AF-42FA-B3CE-8351652E6EDD}.Debug|x86.ActiveCfg = Debug|x86
		{685B063F-90AF-42FA-B3CE-8351652E6EDD}.Debug|x86.Build.0 = Debug|x86
		{685B063F-90AF-42FA-B3CE-8351652E6EDD}.Release|Any CPU.ActiveCfg = Release|x86
		{685B063F-90AF-42FA-B3CE-8351652E6EDD}.Release|Mixed Platforms.ActiveCfg = Release|x86
		{685B063F-90AF-42FA-B3CE-8351652E6EDD}.Release|Mixed Platforms.Build.0 = Release|x86
		{685B063F-90AF-42FA-B3CE-8351652E6EDD}.Release|x86.ActiveCfg = Release|x86
		{685B063F-90AF-42FA-B3CE-8351652E6EDD}.Release|x86.Build.0 = Release|x86
		{E465DCA0-BEE6-48E8-A7C1-1DB4DBC5B2D9}.Debug|Any CPU.ActiveCfg = Debug|Any CPU
		{E465DCA0-BEE6-48E8-A7C1-1DB4DBC5B2D9}.Debug|Any CPU.Build.0 = Debug|Any CPU
		{E465DCA0-BEE6-48E8-A7C1-1DB4DBC5B2D9}.Debug|Mixed Platforms.ActiveCfg = Debug|Any CPU
		{E465DCA0-BEE6-48E8-A7C1-1DB4DBC5B2D9}.Debug|Mixed Platforms.Build.0 = Debug|Any CPU
		{E465DCA0-BEE6-48E8-A7C1-1DB4DBC5B2D9}.Debug|x86.ActiveCfg = Debug|Any CPU
		{E465DCA0-BEE6-48E8-A7C1-1DB4DBC5B2D9}.Release|Any CPU.ActiveCfg = Release|Any CPU
		{E465DCA0-BEE6-48E8-A7C1-1DB4DBC5B2D9}.Release|Any CPU.Build.0 = Release|Any CPU
		{E465DCA0-BEE6-48E8-A7C1-1DB4DBC5B2D9}.Release|Mixed Platforms.ActiveCfg = Release|Any CPU
		{E465DCA0-BEE6-48E8-A7C1-1DB4DBC5B2D9}.Release|Mixed Platforms.Build.0 = Release|Any CPU
		{E465DCA0-BEE6-48E8-A7C1-1DB4DBC5B2D9}.Release|x86.ActiveCfg = Release|Any CPU
		{CE3E8647-2B8A-44F3-AE27-479233021868}.Debug|Any CPU.ActiveCfg = Debug|Any CPU
		{CE3E8647-2B8A-44F3-AE27-479233021868}.Debug|Any CPU.Build.0 = Debug|Any CPU
		{CE3E8647-2B8A-44F3-AE27-479233021868}.Debug|Mixed Platforms.ActiveCfg = Debug|Any CPU
		{CE3E8647-2B8A-44F3-AE27-479233021868}.Debug|Mixed Platforms.Build.0 = Debug|Any CPU
		{CE3E8647-2B8A-44F3-AE27-479233021868}.Debug|x86.ActiveCfg = Debug|Any CPU
		{CE3E8647-2B8A-44F3-AE27-479233021868}.Release|Any CPU.ActiveCfg = Release|Any CPU
		{CE3E8647-2B8A-44F3-AE27-479233021868}.Release|Any CPU.Build.0 = Release|Any CPU
		{CE3E8647-2B8A-44F3-AE27-479233021868}.Release|Mixed Platforms.ActiveCfg = Release|Any CPU
		{CE3E8647-2B8A-44F3-AE27-479233021868}.Release|Mixed Platforms.Build.0 = Release|Any CPU
		{CE3E8647-2B8A-44F3-AE27-479233021868}.Release|x86.ActiveCfg = Release|Any CPU
		{54735883-D676-445E-A3F3-855E04AF4A52}.Debug|Any CPU.ActiveCfg = Debug|Any CPU
		{54735883-D676-445E-A3F3-855E04AF4A52}.Debug|Any CPU.Build.0 = Debug|Any CPU
		{54735883-D676-445E-A3F3-855E04AF4A52}.Debug|Mixed Platforms.ActiveCfg = Debug|Any CPU
		{54735883-D676-445E-A3F3-855E04AF4A52}.Debug|Mixed Platforms.Build.0 = Debug|Any CPU
		{54735883-D676-445E-A3F3-855E04AF4A52}.Debug|x86.ActiveCfg = Debug|Any CPU
		{54735883-D676-445E-A3F3-855E04AF4A52}.Release|Any CPU.ActiveCfg = Release|Any CPU
		{54735883-D676-445E-A3F3-855E04AF4A52}.Release|Any CPU.Build.0 = Release|Any CPU
		{54735883-D676-445E-A3F3-855E04AF4A52}.Release|Mixed Platforms.ActiveCfg = Release|Any CPU
		{54735883-D676-445E-A3F3-855E04AF4A52}.Release|Mixed Platforms.Build.0 = Release|Any CPU
		{54735883-D676-445E-A3F3-855E04AF4A52}.Release|x86.ActiveCfg = Release|Any CPU
		{55323C9F-BE91-4DD0-9E4B-4CD9B34BC3D6}.Debug|Any CPU.ActiveCfg = Debug|x86
		{55323C9F-BE91-4DD0-9E4B-4CD9B34BC3D6}.Debug|Mixed Platforms.ActiveCfg = Debug|x86
		{55323C9F-BE91-4DD0-9E4B-4CD9B34BC3D6}.Debug|Mixed Platforms.Build.0 = Debug|x86
		{55323C9F-BE91-4DD0-9E4B-4CD9B34BC3D6}.Debug|x86.ActiveCfg = Debug|x86
		{55323C9F-BE91-4DD0-9E4B-4CD9B34BC3D6}.Debug|x86.Build.0 = Debug|x86
		{55323C9F-BE91-4DD0-9E4B-4CD9B34BC3D6}.Release|Any CPU.ActiveCfg = Release|x86
		{55323C9F-BE91-4DD0-9E4B-4CD9B34BC3D6}.Release|Mixed Platforms.ActiveCfg = Release|x86
		{55323C9F-BE91-4DD0-9E4B-4CD9B34BC3D6}.Release|Mixed Platforms.Build.0 = Release|x86
		{55323C9F-BE91-4DD0-9E4B-4CD9B34BC3D6}.Release|x86.ActiveCfg = Release|x86
		{55323C9F-BE91-4DD0-9E4B-4CD9B34BC3D6}.Release|x86.Build.0 = Release|x86
		{B5549520-B124-41C4-9FB0-B2F1D92169B0}.Debug|Any CPU.ActiveCfg = Debug|Any CPU
		{B5549520-B124-41C4-9FB0-B2F1D92169B0}.Debug|Any CPU.Build.0 = Debug|Any CPU
		{B5549520-B124-41C4-9FB0-B2F1D92169B0}.Debug|Mixed Platforms.ActiveCfg = Debug|Any CPU
		{B5549520-B124-41C4-9FB0-B2F1D92169B0}.Debug|Mixed Platforms.Build.0 = Debug|Any CPU
		{B5549520-B124-41C4-9FB0-B2F1D92169B0}.Debug|x86.ActiveCfg = Debug|Any CPU
		{B5549520-B124-41C4-9FB0-B2F1D92169B0}.Release|Any CPU.ActiveCfg = Release|Any CPU
		{B5549520-B124-41C4-9FB0-B2F1D92169B0}.Release|Any CPU.Build.0 = Release|Any CPU
		{B5549520-B124-41C4-9FB0-B2F1D92169B0}.Release|Mixed Platforms.ActiveCfg = Release|Any CPU
		{B5549520-B124-41C4-9FB0-B2F1D92169B0}.Release|Mixed Platforms.Build.0 = Release|Any CPU
		{B5549520-B124-41C4-9FB0-B2F1D92169B0}.Release|x86.ActiveCfg = Release|Any CPU
		{D53A89C3-9BF1-415C-8886-0A54FFE76970}.Debug|Any CPU.ActiveCfg = Debug
		{D53A89C3-9BF1-415C-8886-0A54FFE76970}.Debug|Mixed Platforms.ActiveCfg = Debug
		{D53A89C3-9BF1-415C-8886-0A54FFE76970}.Debug|x86.ActiveCfg = Debug
		{D53A89C3-9BF1-415C-8886-0A54FFE76970}.Release|Any CPU.ActiveCfg = Release
		{D53A89C3-9BF1-415C-8886-0A54FFE76970}.Release|Mixed Platforms.ActiveCfg = Release
		{D53A89C3-9BF1-415C-8886-0A54FFE76970}.Release|x86.ActiveCfg = Release
	EndGlobalSection
	GlobalSection(SolutionProperties) = preSolution
		HideSolutionNode = FALSE
	EndGlobalSection
EndGlobal
